Microsoft Visual Studio Solution File, Format Version 12.00
# Visual Studio Version 17
VisualStudioVersion = 17.5.2.0
MinimumVisualStudioVersion = 10.0.40219.1
Project("{2150E333-8FDC-42A3-9474-1A3956D46DE8}") = "src", "src", "{827E0CD3-B72D-47B6-A68D-7590B98EB39B}"
EndProject
Project("{2150E333-8FDC-42A3-9474-1A3956D46DE8}") = "csharp", "csharp", "{EE222B14-4095-D8D2-8B9B-4218DD5B4CA2}"
EndProject
Project("{2150E333-8FDC-42A3-9474-1A3956D46DE8}") = "samples", "samples", "{2DB1AA56-4438-8914-002F-4A96C048E3CA}"
EndProject
Project("{FAE04EC0-301F-11D3-BF4B-00C04F79EFBC}") = "ChatExample", "src\csharp\samples\ChatExample\ChatExample.csproj", "{3C98A753-949D-B2AB-C036-FDA5E486E969}"
EndProject
Global
	GlobalSection(SolutionConfigurationPlatforms) = preSolution
		Debug|Any CPU = Debug|Any CPU
		Release|Any CPU = Release|Any CPU
	EndGlobalSection
	GlobalSection(ProjectConfigurationPlatforms) = postSolution
		{3C98A753-949D-B2AB-C036-FDA5E486E969}.Debug|Any CPU.ActiveCfg = Debug|Any CPU
		{3C98A753-949D-B2AB-C036-FDA5E486E969}.Debug|Any CPU.Build.0 = Debug|Any CPU
		{3C98A753-949D-B2AB-C036-FDA5E486E969}.Release|Any CPU.ActiveCfg = Release|Any CPU
		{3C98A753-949D-B2AB-C036-FDA5E486E969}.Release|Any CPU.Build.0 = Release|Any CPU
	EndGlobalSection
	GlobalSection(SolutionProperties) = preSolution
		HideSolutionNode = FALSE
	EndGlobalSection
	GlobalSection(NestedProjects) = preSolution
		{EE222B14-4095-D8D2-8B9B-4218DD5B4CA2} = {827E0CD3-B72D-47B6-A68D-7590B98EB39B}
		{2DB1AA56-4438-8914-002F-4A96C048E3CA} = {EE222B14-4095-D8D2-8B9B-4218DD5B4CA2}
		{3C98A753-949D-B2AB-C036-FDA5E486E969} = {2DB1AA56-4438-8914-002F-4A96C048E3CA}
	EndGlobalSection
	GlobalSection(ExtensibilityGlobals) = postSolution
		SolutionGuid = {7CCFEC30-5C90-43F1-9462-8572F206457D}
	EndGlobalSection
EndGlobal
